{
  "version": "2",
  "remote": {
    "https://deno.land/std@0.142.0/fmt/colors.ts": "30455035d6d728394781c10755351742dd731e3db6771b1843f9b9e490104d37",
    "https://deno.land/std@0.142.0/testing/_diff.ts": "029a00560b0d534bc0046f1bce4bd36b3b41ada3f2a3178c85686eb2ff5f1413",
    "https://deno.land/std@0.142.0/testing/_format.ts": "0d8dc79eab15b67cdc532826213bbe05bccfd276ca473a50a3fc7bbfb7260642",
    "https://deno.land/std@0.142.0/testing/_test_suite.ts": "54390204bbef50d8844d95fbd286cea39a6fe7337b3f1f8e10e7a8167117f81c",
    "https://deno.land/std@0.142.0/testing/asserts.ts": "319df43e1e6bba2520508f6090a21a9a640cbe2754d255aee17cd1dfa78c2ff6",
    "https://deno.land/std@0.142.0/testing/bdd.ts": "182bb823e09bd75b76063ecf50722870101b7cfadf97a09fa29127279dc21128",
    "https://deno.land/x/bhttp@v0.2.1/mod.ts": "570806547f91d9286d28f968a8969c5b832c5f5e1110eea1e5d4aa86f94f50b1",
    "https://deno.land/x/bhttp@v0.2.1/src/consts.ts": "acb3aa7f0e76905673d9b7fbc9b64674e36291da63180119056d5dca9cfa0ca9",
    "https://deno.land/x/bhttp@v0.2.1/src/decoder.ts": "d69d578233b499744e8dd4c8ce1a37b5fd9b5713f22a69eb6050819a87026da1",
    "https://deno.land/x/bhttp@v0.2.1/src/encoder.ts": "8f4409559df9b03e3180426d37157011970deb0c672e253eea0754ec219b2466",
    "https://deno.land/x/bhttp@v0.2.1/src/errors.ts": "9f56830f10e332b2279444a82dfff5b7c78a83b105d9fc4e7e08dba5928697c8",
    "https://deno.land/x/hpke@v0.15.0/mod.ts": "e9f7d6b58f11fa6962ab69c523f592a6a7802167557c9d2b551d75c57b6847fc",
    "https://deno.land/x/hpke@v0.15.0/src/aeadKeys/aesGcmKey.ts": "acf2c51837329c7c1ed49c1b5ee1bd92db995c81f8de37488d330d31d7c4f66c",
    "https://deno.land/x/hpke@v0.15.0/src/aeadKeys/chacha20Poly1305Key.ts": "7b26e6d042581f77ee6178c2c83fd15eee4265c8044f925c3deb21b45e603b8a",
    "https://deno.land/x/hpke@v0.15.0/src/bundles/aead/aead.ts": "4721d67e36f979ea9dfcdf27a06380231e111778a1c642b319d0439e59bfcbda",
    "https://deno.land/x/hpke@v0.15.0/src/bundles/binary/binary.ts": "8fa7bff2cac49f8a53a55aec726bf1331e151c2ac10756e41503fc8d16610cf5",
    "https://deno.land/x/hpke@v0.15.0/src/bundles/chacha/chacha.ts": "fd003d8d38b2550879c6565d0e555323a2de5915522c5c43d08fa413f78b7662",
    "https://deno.land/x/hpke@v0.15.0/src/bundles/chacha20poly1305/chacha20poly1305.ts": "abca6231b6a7b89b97cdb105b74462b4fa2e0c2bc84339fc1a8774c48c305ceb",
    "https://deno.land/x/hpke@v0.15.0/src/bundles/constant-time/constant-time.ts": "7a8f6e9965efcbc652c9d9e8fe3146705759071fcea01eb5a0dc169c2fd03165",
    "https://deno.land/x/hpke@v0.15.0/src/bundles/hmac/mod.ts": "cfc57bf9df1dce354982aab817e3fbf77411e9829dcf4050282edc43342f18d6",
    "https://deno.land/x/hpke@v0.15.0/src/bundles/int/int.ts": "b04d3ce189ff19f90ecebe9b44191b51b33794a075e1e96da3b638b7a9da0676",
    "https://deno.land/x/hpke@v0.15.0/src/bundles/jsbn/index.js": "8600dfe9ac4c1f1cf9a4243c7f64c0c761d6885e53196e37e25d1437d5cfe6ae",
    "https://deno.land/x/hpke@v0.15.0/src/bundles/poly1305/poly1305.ts": "131da8604bc49905d77324e858ef6c09390e9c776b3482ab83babe636aa6ceae",
    "https://deno.land/x/hpke@v0.15.0/src/bundles/sha256/mod.ts": "91825fa83dc8b732108dcfaa32a5a8ae45c408ad729717ebdf83dfe99341cdd1",
    "https://deno.land/x/hpke@v0.15.0/src/bundles/sha512/mod.ts": "3db9e5d627801a36d79e2ca58743b8610de618bb31a7a0b20ad84f56995f5c9c",
    "https://deno.land/x/hpke@v0.15.0/src/bundles/wipe/wipe.ts": "e5d45bdea74f87bbafbf36353cc2f948c17103e4057627d9924bc9b66a399799",
    "https://deno.land/x/hpke@v0.15.0/src/bundles/x25519/x25519.ts": "b8866770bd0d72c7484f7f293fbf90cd474ebebd3c0b278c4551c371090fcf2b",
    "https://deno.land/x/hpke@v0.15.0/src/bundles/x448-js/index.ts": "161660befff0c47703ac02cba5fabd3f92994923afed2b7b5fe9c9e7d5bb8738",
    "https://deno.land/x/hpke@v0.15.0/src/cipherSuite.ts": "c6994e035a3bee8679868da9ec8fe26e03d8bf5a3c0632860a60e923bc20500d",
    "https://deno.land/x/hpke@v0.15.0/src/consts.ts": "98cf8b1a4cd370964208cb292bafa196c5722fbb900d486112a0c206a77f2252",
    "https://deno.land/x/hpke@v0.15.0/src/encryptionContext.ts": "8d2b70f162e2aaa30056737d907c254fd2d238b96b24c7f4320324aacebb0798",
    "https://deno.land/x/hpke@v0.15.0/src/errors.ts": "05822bd1d483cd1fdf515b26398f8c270b8561fa94dc818f6bc3c7031415ccf0",
    "https://deno.land/x/hpke@v0.15.0/src/exporterContext.ts": "8db92e3f48e5278f943e1a2d728ec224c9e01aed67543998830b46c8126054d7",
    "https://deno.land/x/hpke@v0.15.0/src/identifiers.ts": "7755aeea3998a0882e93cc295e547b16b90f5499c1f1309df23fd9f4c05a68d3",
    "https://deno.land/x/hpke@v0.15.0/src/interfaces/aeadKey.ts": "7677a284d7871022e4005ca6491759e8314474db79463a0d9e0fac7ffa108623",
    "https://deno.land/x/hpke@v0.15.0/src/interfaces/aeadParams.ts": "8f58fc1b918e7a12236a63c364066d88a5dde80ec44eaad8f979f8b649476e90",
    "https://deno.land/x/hpke@v0.15.0/src/interfaces/cipherSuiteParams.ts": "459c82bb894cc1323b61d5ccc45b23695fa8db2c7444d514054e5a41b68747bf",
    "https://deno.land/x/hpke@v0.15.0/src/interfaces/encapsulator.ts": "6a81362683e1eb9f7406bb974b6b7bd5554bc6c93eed3ab3e955a9dda9beca48",
    "https://deno.land/x/hpke@v0.15.0/src/interfaces/encryptionContextInterface.ts": "329c1ee876540713351a5eb77888c48a7296388293a0d320b757e252a08fc328",
    "https://deno.land/x/hpke@v0.15.0/src/interfaces/exporter.ts": "6667607ba48f02ec447f143d1e0050adbe11cd7857c8dce3670dd5a8a9298e91",
    "https://deno.land/x/hpke@v0.15.0/src/interfaces/kdfInterface.ts": "119b74bd524990335f5837cabbf6c60a5318f3776cab237be77f587a492db161",
    "https://deno.land/x/hpke@v0.15.0/src/interfaces/kemInterface.ts": "ccb5296982b31bdf7c29dce969120be20a575cbaf534be9d759b42cf6c3cc240",
    "https://deno.land/x/hpke@v0.15.0/src/interfaces/kemPrimitives.ts": "5f2d7926174480dc76181f7040f9647d5c908059268f08d60742d101e9439766",
    "https://deno.land/x/hpke@v0.15.0/src/interfaces/keyInfo.ts": "8cc05de2a7e0c446913393c3a340eda323bc6338bf2152d9aa648c2d47712546",
    "https://deno.land/x/hpke@v0.15.0/src/interfaces/keyScheduleParams.ts": "e0a698815eb123c914de499de71bde80a79b4488e6ce681fbb394037ba2a9645",
    "https://deno.land/x/hpke@v0.15.0/src/interfaces/preSharedKey.ts": "98543f61362b5f77675f4f5f13af4efdf58183c3c309f539d6c6c9cb62124090",
    "https://deno.land/x/hpke@v0.15.0/src/interfaces/recipientContextParams.ts": "02194c133714506d12524c7828ff80464e089534ac8c1a08eb1e7913c6f24ce2",
    "https://deno.land/x/hpke@v0.15.0/src/interfaces/responses.ts": "35d2bf77ab4d32cfe90bf96d3a61bf92a10a3979e90be74f64965da019c46531",
    "https://deno.land/x/hpke@v0.15.0/src/interfaces/senderContextParams.ts": "f57ffc17222e79d87c4f7730fb826c0ba6860c5ace1d06aeddde29c5618f362e",
    "https://deno.land/x/hpke@v0.15.0/src/kdfContext.ts": "61d997ba6733628384885efcc990bd37b4da7ff117f7fba5746aa6a5628e04d4",
    "https://deno.land/x/hpke@v0.15.0/src/kemContext.ts": "737860c3a5677aff8321d26cf2d6cb16ec61ad178eedb0c61428cb4b71b79f6b",
    "https://deno.land/x/hpke@v0.15.0/src/kemPrimitives/ec.ts": "f4379d59a83af2e5140ad16f28f019364309ad60c885a92f061fa3e4706f2d4f",
    "https://deno.land/x/hpke@v0.15.0/src/kemPrimitives/x25519.ts": "15bbc036524bc607020446cfeec72153e1ae6e4e82aa51bbd43f1f0e15f97169",
    "https://deno.land/x/hpke@v0.15.0/src/kemPrimitives/x448.ts": "48f94fd7585c9e49fe7abe1db65b5905891e15a5de28c176b82bc651f4cef4d1",
    "https://deno.land/x/hpke@v0.15.0/src/recipientContext.ts": "228ba51bc52df0387617a3f471d43b3ec4f7b6d142c0f7f395d282a09f6ceae9",
    "https://deno.land/x/hpke@v0.15.0/src/senderContext.ts": "07d91c4626d62c4e32091a9d0a4ae0b9f7c786e88d57606dfe3959b9b7811fea",
    "https://deno.land/x/hpke@v0.15.0/src/utils/bignum.ts": "2e8749a21cde3ec81e4d353ec001732d60c22d56a717f83bec4c9ddf8227f75c",
    "https://deno.land/x/hpke@v0.15.0/src/utils/misc.ts": "62f5f9b90d964c45c776dfac9298df04de8b16840df65de8b78b8e0deb51c9f5",
    "https://deno.land/x/hpke@v0.15.0/src/webCrypto.ts": "a922b106660d0f573742f49d2a450ba0ba19189aeeeecdcd756556b0c1ccb69d",
    "https://deno.land/x/hpke@v0.15.0/src/xCryptoKey.ts": "abc71ddfad0e6239b9ee4daf40123bbec1a56204af7b7e6ac7ca7556a7223f7a"
  }
}
